
Microsoft Visual Studio Solution File, Format Version 12.00
# Visual Studio Version 17
VisualStudioVersion = 17.7.34031.279
MinimumVisualStudioVersion = 10.0.40219.1
Project("{FAE04EC0-301F-11D3-BF4B-00C04F79EFBC}") = "Demo621", "Demo621\Demo621.csproj", "{7F11B7EC-9754-4913-B9B5-EA7D1383F933}"
EndProject
Project("{FAE04EC0-301F-11D3-BF4B-00C04F79EFBC}") = "Data", "Data\Data.csproj", "{315C1299-DD81-4C8B-9231-8F42530EF4C8}"
EndProject
Project("{FAE04EC0-301F-11D3-BF4B-00C04F79EFBC}") = "Demo622", "Demo622\Demo622.csproj", "{9ACB51A2-BB30-4857-9D7E-32AAF7741D8D}"
EndProject
Project("{FAE04EC0-301F-11D3-BF4B-00C04F79EFBC}") = "Demo623", "Demo623\Demo623.csproj", "{C4AAC9BA-A97C-4768-9513-4E31A4D08D13}"
EndProject
Project("{FAE04EC0-301F-11D3-BF4B-00C04F79EFBC}") = "Demo624", "Demo624\Demo624.csproj", "{2C7B8979-7CFF-4E97-A39F-DB7C1A070684}"
EndProject
Project("{FAE04EC0-301F-11D3-BF4B-00C04F79EFBC}") = "Demo625", "Demo625\Demo625.csproj", "{6CE12E9C-6B1D-439C-BC5A-FEC709BB2032}"
EndProject
Project("{FAE04EC0-301F-11D3-BF4B-00C04F79EFBC}") = "Demo626", "Demo626\Demo626.csproj", "{8C0A51FD-DC39-4432-84B8-70FDE6C7EE4C}"
EndProject
Global
	GlobalSection(SolutionConfigurationPlatforms) = preSolution
		Debug|Any CPU = Debug|Any CPU
		Release|Any CPU = Release|Any CPU
	EndGlobalSection
	GlobalSection(ProjectConfigurationPlatforms) = postSolution
		{7F11B7EC-9754-4913-B9B5-EA7D1383F933}.Debug|Any CPU.ActiveCfg = Debug|Any CPU
		{7F11B7EC-9754-4913-B9B5-EA7D1383F933}.Debug|Any CPU.Build.0 = Debug|Any CPU
		{7F11B7EC-9754-4913-B9B5-EA7D1383F933}.Release|Any CPU.ActiveCfg = Release|Any CPU
		{7F11B7EC-9754-4913-B9B5-EA7D1383F933}.Release|Any CPU.Build.0 = Release|Any CPU
		{315C1299-DD81-4C8B-9231-8F42530EF4C8}.Debug|Any CPU.ActiveCfg = Debug|Any CPU
		{315C1299-DD81-4C8B-9231-8F42530EF4C8}.Debug|Any CPU.Build.0 = Debug|Any CPU
		{315C1299-DD81-4C8B-9231-8F42530EF4C8}.Release|Any CPU.ActiveCfg = Release|Any CPU
		{315C1299-DD81-4C8B-9231-8F42530EF4C8}.Release|Any CPU.Build.0 = Release|Any CPU
		{9ACB51A2-BB30-4857-9D7E-32AAF7741D8D}.Debug|Any CPU.ActiveCfg = Debug|Any CPU
		{9ACB51A2-BB30-4857-9D7E-32AAF7741D8D}.Debug|Any CPU.Build.0 = Debug|Any CPU
		{9ACB51A2-BB30-4857-9D7E-32AAF7741D8D}.Release|Any CPU.ActiveCfg = Release|Any CPU
		{9ACB51A2-BB30-4857-9D7E-32AAF7741D8D}.Release|Any CPU.Build.0 = Release|Any CPU
		{C4AAC9BA-A97C-4768-9513-4E31A4D08D13}.Debug|Any CPU.ActiveCfg = Debug|Any CPU
		{C4AAC9BA-A97C-4768-9513-4E31A4D08D13}.Debug|Any CPU.Build.0 = Debug|Any CPU
		{C4AAC9BA-A97C-4768-9513-4E31A4D08D13}.Release|Any CPU.ActiveCfg = Release|Any CPU
		{C4AAC9BA-A97C-4768-9513-4E31A4D08D13}.Release|Any CPU.Build.0 = Release|Any CPU
		{2C7B8979-7CFF-4E97-A39F-DB7C1A070684}.Debug|Any CPU.ActiveCfg = Debug|Any CPU
		{2C7B8979-7CFF-4E97-A39F-DB7C1A070684}.Debug|Any CPU.Build.0 = Debug|Any CPU
		{2C7B8979-7CFF-4E97-A39F-DB7C1A070684}.Release|Any CPU.ActiveCfg = Release|Any CPU
		{2C7B8979-7CFF-4E97-A39F-DB7C1A070684}.Release|Any CPU.Build.0 = Release|Any CPU
		{6CE12E9C-6B1D-439C-BC5A-FEC709BB2032}.Debug|Any CPU.ActiveCfg = Debug|Any CPU
		{6CE12E9C-6B1D-439C-BC5A-FEC709BB2032}.Debug|Any CPU.Build.0 = Debug|Any CPU
		{6CE12E9C-6B1D-439C-BC5A-FEC709BB2032}.Release|Any CPU.ActiveCfg = Release|Any CPU
		{6CE12E9C-6B1D-439C-BC5A-FEC709BB2032}.Release|Any CPU.Build.0 = Release|Any CPU
		{8C0A51FD-DC39-4432-84B8-70FDE6C7EE4C}.Debug|Any CPU.ActiveCfg = Debug|Any CPU
		{8C0A51FD-DC39-4432-84B8-70FDE6C7EE4C}.Debug|Any CPU.Build.0 = Debug|Any CPU
		{8C0A51FD-DC39-4432-84B8-70FDE6C7EE4C}.Release|Any CPU.ActiveCfg = Release|Any CPU
		{8C0A51FD-DC39-4432-84B8-70FDE6C7EE4C}.Release|Any CPU.Build.0 = Release|Any CPU
	EndGlobalSection
	GlobalSection(SolutionProperties) = preSolution
		HideSolutionNode = FALSE
	EndGlobalSection
	GlobalSection(ExtensibilityGlobals) = postSolution
		SolutionGuid = {70AA24B3-8A46-4477-91A5-6956C9C1F33F}
	EndGlobalSection
EndGlobal
