
Microsoft Visual Studio Solution File, Format Version 12.00
# Visual Studio Version 17
VisualStudioVersion = 17.7.34031.279
MinimumVisualStudioVersion = 10.0.40219.1
Project("{FAE04EC0-301F-11D3-BF4B-00C04F79EFBC}") = "Slide72", "Slide72\Slide72.csproj", "{422752A5-34C8-44DB-9E4B-5AE944F40F71}"
EndProject
Global
	GlobalSection(SolutionConfigurationPlatforms) = preSolution
		Debug|Any CPU = Debug|Any CPU
		Release|Any CPU = Release|Any CPU
	EndGlobalSection
	GlobalSection(ProjectConfigurationPlatforms) = postSolution
		{422752A5-34C8-44DB-9E4B-5AE944F40F71}.Debug|Any CPU.ActiveCfg = Debug|Any CPU
		{422752A5-34C8-44DB-9E4B-5AE944F40F71}.Debug|Any CPU.Build.0 = Debug|Any CPU
		{422752A5-34C8-44DB-9E4B-5AE944F40F71}.Release|Any CPU.ActiveCfg = Release|Any CPU
		{422752A5-34C8-44DB-9E4B-5AE944F40F71}.Release|Any CPU.Build.0 = Release|Any CPU
	EndGlobalSection
	GlobalSection(SolutionProperties) = preSolution
		HideSolutionNode = FALSE
	EndGlobalSection
	GlobalSection(ExtensibilityGlobals) = postSolution
		SolutionGuid = {0DB774EB-3A49-4B1F-8093-F678C0F26A88}
	EndGlobalSection
EndGlobal
