
Microsoft Visual Studio Solution File, Format Version 12.00
# Visual Studio Version 17
VisualStudioVersion = 17.7.34031.279
MinimumVisualStudioVersion = 10.0.40219.1
Project("{FAE04EC0-301F-11D3-BF4B-00C04F79EFBC}") = "ConsoleApp1", "ConsoleApp1\ConsoleApp1.csproj", "{2C5FF14E-9924-40F2-86E8-01ED739D7C2B}"
EndProject
Global
	GlobalSection(SolutionConfigurationPlatforms) = preSolution
		Debug|Any CPU = Debug|Any CPU
		Release|Any CPU = Release|Any CPU
	EndGlobalSection
	GlobalSection(ProjectConfigurationPlatforms) = postSolution
		{2C5FF14E-9924-40F2-86E8-01ED739D7C2B}.Debug|Any CPU.ActiveCfg = Debug|Any CPU
		{2C5FF14E-9924-40F2-86E8-01ED739D7C2B}.Debug|Any CPU.Build.0 = Debug|Any CPU
		{2C5FF14E-9924-40F2-86E8-01ED739D7C2B}.Release|Any CPU.ActiveCfg = Release|Any CPU
		{2C5FF14E-9924-40F2-86E8-01ED739D7C2B}.Release|Any CPU.Build.0 = Release|Any CPU
	EndGlobalSection
	GlobalSection(SolutionProperties) = preSolution
		HideSolutionNode = FALSE
	EndGlobalSection
	GlobalSection(ExtensibilityGlobals) = postSolution
		SolutionGuid = {C70C9FE8-FB66-4D5A-9CE5-2996CAD5A044}
	EndGlobalSection
EndGlobal
